# This file is automatically @generated by Cargo.
# It is not intended for manual editing.
version = 4

[[package]]
name = "autoreply"
version = "0.1.0"
dependencies = [
 "oxidezap-plugin",
]

[[package]]
name = "oxidezap-plugin"
version = "0.1.0"
dependencies = [
 "oxidezap-plugin-abi",
]

[[package]]
name = "oxidezap-plugin-abi"
version = "0.1.0"
